
Microsoft Visual Studio Solution File, Format Version 12.00
# Visual Studio Version 16
VisualStudioVersion = 16.0.29911.84
MinimumVisualStudioVersion = 10.0.40219.1
Project("{9A19103F-16F7-4668-BE54-9A1E7A4F7556}") = "ElasticBlog", "ElasticBlog\ElasticBlog.csproj", "{82B8AF6F-F476-4360-86CE-612782C40120}"
EndProject
Project("{FAE04EC0-301F-11D3-BF4B-00C04F79EFBC}") = "ElasticBlog.Common", "ElasticBlog.Common\ElasticBlog.Common.csproj", "{83D3B4E8-88FF-4E15-88A1-535B2906D0D5}"
EndProject
Project("{FAE04EC0-301F-11D3-BF4B-00C04F79EFBC}") = "ElasticBlog.Dal", "ElasticBlog.Dal\ElasticBlog.Dal.csproj", "{D70A2946-B901-4466-8DF4-2AFBC8FF9A1F}"
EndProject
Project("{FAE04EC0-301F-11D3-BF4B-00C04F79EFBC}") = "ElasticBlog.Bl", "ElasticBlog.Bl\ElasticBlog.Bl.csproj", "{194209AE-900A-4DD0-B995-F8A7CCD58777}"
EndProject
Global
	GlobalSection(SolutionConfigurationPlatforms) = preSolution
		Debug|Any CPU = Debug|Any CPU
		Release|Any CPU = Release|Any CPU
	EndGlobalSection
	GlobalSection(ProjectConfigurationPlatforms) = postSolution
		{82B8AF6F-F476-4360-86CE-612782C40120}.Debug|Any CPU.ActiveCfg = Debug|Any CPU
		{82B8AF6F-F476-4360-86CE-612782C40120}.Debug|Any CPU.Build.0 = Debug|Any CPU
		{82B8AF6F-F476-4360-86CE-612782C40120}.Release|Any CPU.ActiveCfg = Release|Any CPU
		{82B8AF6F-F476-4360-86CE-612782C40120}.Release|Any CPU.Build.0 = Release|Any CPU
		{83D3B4E8-88FF-4E15-88A1-535B2906D0D5}.Debug|Any CPU.ActiveCfg = Debug|Any CPU
		{83D3B4E8-88FF-4E15-88A1-535B2906D0D5}.Debug|Any CPU.Build.0 = Debug|Any CPU
		{83D3B4E8-88FF-4E15-88A1-535B2906D0D5}.Release|Any CPU.ActiveCfg = Release|Any CPU
		{83D3B4E8-88FF-4E15-88A1-535B2906D0D5}.Release|Any CPU.Build.0 = Release|Any CPU
		{D70A2946-B901-4466-8DF4-2AFBC8FF9A1F}.Debug|Any CPU.ActiveCfg = Debug|Any CPU
		{D70A2946-B901-4466-8DF4-2AFBC8FF9A1F}.Debug|Any CPU.Build.0 = Debug|Any CPU
		{D70A2946-B901-4466-8DF4-2AFBC8FF9A1F}.Release|Any CPU.ActiveCfg = Release|Any CPU
		{D70A2946-B901-4466-8DF4-2AFBC8FF9A1F}.Release|Any CPU.Build.0 = Release|Any CPU
		{194209AE-900A-4DD0-B995-F8A7CCD58777}.Debug|Any CPU.ActiveCfg = Debug|Any CPU
		{194209AE-900A-4DD0-B995-F8A7CCD58777}.Debug|Any CPU.Build.0 = Debug|Any CPU
		{194209AE-900A-4DD0-B995-F8A7CCD58777}.Release|Any CPU.ActiveCfg = Release|Any CPU
		{194209AE-900A-4DD0-B995-F8A7CCD58777}.Release|Any CPU.Build.0 = Release|Any CPU
	EndGlobalSection
	GlobalSection(SolutionProperties) = preSolution
		HideSolutionNode = FALSE
	EndGlobalSection
	GlobalSection(ExtensibilityGlobals) = postSolution
		SolutionGuid = {1FBC33C1-6A50-4CEA-8E3A-C267BA7FA9AD}
	EndGlobalSection
EndGlobal
